
Microsoft Visual Studio Solution File, Format Version 12.00
# Visual Studio Version 17
VisualStudioVersion = 17.8.34511.84
MinimumVisualStudioVersion = 10.0.40219.1
Project("{FAE04EC0-301F-11D3-BF4B-00C04F79EFBC}") = "ContoCorrente", "ContoCorrente.csproj", "{B4D38164-30E8-408A-AF05-DF14AC313D13}"
EndProject
Global
	GlobalSection(SolutionConfigurationPlatforms) = preSolution
		Debug|Any CPU = Debug|Any CPU
		Release|Any CPU = Release|Any CPU
	EndGlobalSection
	GlobalSection(ProjectConfigurationPlatforms) = postSolution
		{B4D38164-30E8-408A-AF05-DF14AC313D13}.Debug|Any CPU.ActiveCfg = Debug|Any CPU
		{B4D38164-30E8-408A-AF05-DF14AC313D13}.Debug|Any CPU.Build.0 = Debug|Any CPU
		{B4D38164-30E8-408A-AF05-DF14AC313D13}.Release|Any CPU.ActiveCfg = Release|Any CPU
		{B4D38164-30E8-408A-AF05-DF14AC313D13}.Release|Any CPU.Build.0 = Release|Any CPU
	EndGlobalSection
	GlobalSection(SolutionProperties) = preSolution
		HideSolutionNode = FALSE
	EndGlobalSection
	GlobalSection(ExtensibilityGlobals) = postSolution
		SolutionGuid = {8F66A6C0-3C68-4611-97B2-827BAF1B56DE}
	EndGlobalSection
EndGlobal
